// !$*UTF8*$!
{
	archiveVersion = 1;
	classes = {
	};
	objectVersion = 44;
	objects = {

/* Begin PBXFileReference section */
		2D0E6C4B1003E0DF00F0864E /* float.th */ = {isa = PBXFileReference; explicitFileType = sourcecode.c.h; fileEncoding = 4; path = float.th; sourceTree = "<group>"; };
		2D13EEE1100A511200C072E8 /* mathop_sse2.c */ = {isa = PBXFileReference; fileEncoding = 4; lastKnownFileType = sourcecode.c.c; path = mathop_sse2.c; sourceTree = "<group>"; };
		2D13EEE4100A539200C072E8 /* mathop_sse2.h */ = {isa = PBXFileReference; fileEncoding = 4; lastKnownFileType = sourcecode.c.h; path = mathop_sse2.h; sourceTree = "<group>"; };
		2D13EEF8100A5CFE00C072E8 /* test_vec_comp.c */ = {isa = PBXFileReference; fileEncoding = 4; lastKnownFileType = sourcecode.c.c; path = test_vec_comp.c; sourceTree = "<group>"; };
		2D13F028100A6E8800C072E8 /* vl_alldist.c */ = {isa = PBXFileReference; fileEncoding = 4; lastKnownFileType = sourcecode.c.c; name = vl_alldist.c; path = toolbox/misc/vl_alldist.c; sourceTree = "<group>"; };
		2D13F02C100A718600C072E8 /* vl_simdctrl.c */ = {isa = PBXFileReference; fileEncoding = 4; lastKnownFileType = sourcecode.c.c; name = vl_simdctrl.c; path = toolbox/misc/vl_simdctrl.c; sourceTree = "<group>"; };
		2D27614810FF6B3900D14D9E /* vl_imdisttf.c */ = {isa = PBXFileReference; fileEncoding = 4; lastKnownFileType = sourcecode.c.c; name = vl_imdisttf.c; path = toolbox/imop/vl_imdisttf.c; sourceTree = "<group>"; };
		2D2B3C6B11A19CB9008F9C80 /* vl_pegasos.c */ = {isa = PBXFileReference; fileEncoding = 4; lastKnownFileType = sourcecode.c.c; name = vl_pegasos.c; path = toolbox/misc/vl_pegasos.c; sourceTree = "<group>"; };
		2D471AA710DD2C7900FA4182 /* test_threads.c */ = {isa = PBXFileReference; fileEncoding = 4; lastKnownFileType = sourcecode.c.c; path = test_threads.c; sourceTree = "<group>"; };
		2D4EB0BF10F3C1E800ADA534 /* kmeans.c */ = {isa = PBXFileReference; fileEncoding = 4; lastKnownFileType = sourcecode.c.c; path = kmeans.c; sourceTree = "<group>"; };
		2D4EB0C010F3C1E800ADA534 /* kmeans.h */ = {isa = PBXFileReference; fileEncoding = 4; lastKnownFileType = sourcecode.c.h; path = kmeans.h; sourceTree = "<group>"; };
		2D4EB0C110F3C21600ADA534 /* vl_kmeans.c */ = {isa = PBXFileReference; fileEncoding = 4; lastKnownFileType = sourcecode.c.c; name = vl_kmeans.c; path = toolbox/kmeans/vl_kmeans.c; sourceTree = "<group>"; };
		2D4EB14D10F3F3A500ADA534 /* shuffle-def.h */ = {isa = PBXFileReference; fileEncoding = 4; lastKnownFileType = sourcecode.c.h; path = "shuffle-def.h"; sourceTree = "<group>"; };
		2D519080115A800C0079E222 /* homkermap.h */ = {isa = PBXFileReference; fileEncoding = 4; lastKnownFileType = sourcecode.c.h; path = homkermap.h; sourceTree = "<group>"; };
		2D519081115A800C0079E222 /* homkermap.c */ = {isa = PBXFileReference; fileEncoding = 4; lastKnownFileType = sourcecode.c.c; path = homkermap.c; sourceTree = "<group>"; };
		2D6007FF1115C1FA0020963C /* check.h */ = {isa = PBXFileReference; fileEncoding = 4; lastKnownFileType = sourcecode.c.h; path = check.h; sourceTree = "<group>"; };
		2D6102D0111EE22C00470F4C /* bin.mak */ = {isa = PBXFileReference; fileEncoding = 4; indentWidth = 8; lastKnownFileType = sourcecode.make; path = bin.mak; sourceTree = "<group>"; tabWidth = 8; };
		2D6102D1111EE22C00470F4C /* dist.mak */ = {isa = PBXFileReference; fileEncoding = 4; indentWidth = 8; lastKnownFileType = sourcecode.make; path = dist.mak; sourceTree = "<group>"; tabWidth = 8; };
		2D6102D2111EE22C00470F4C /* dll.mak */ = {isa = PBXFileReference; fileEncoding = 4; indentWidth = 8; lastKnownFileType = sourcecode.make; path = dll.mak; sourceTree = "<group>"; tabWidth = 8; };
		2D6102D3111EE22C00470F4C /* doc.mak */ = {isa = PBXFileReference; fileEncoding = 4; indentWidth = 8; lastKnownFileType = sourcecode.make; path = doc.mak; sourceTree = "<group>"; tabWidth = 8; };
		2D6102D4111EE22C00470F4C /* matlab.mak */ = {isa = PBXFileReference; fileEncoding = 4; indentWidth = 8; lastKnownFileType = sourcecode.make; path = matlab.mak; sourceTree = "<group>"; tabWidth = 8; };
		2D6102D5111EE22C00470F4C /* octave.mak */ = {isa = PBXFileReference; fileEncoding = 4; indentWidth = 8; lastKnownFileType = sourcecode.make; path = octave.mak; sourceTree = "<group>"; tabWidth = 8; };
		2D624AD60FF9306700DB3122 /* test_heap-def.c */ = {isa = PBXFileReference; fileEncoding = 4; lastKnownFileType = sourcecode.c.c; path = "test_heap-def.c"; sourceTree = "<group>"; };
		2D6DD0F4100F5E5E006AE152 /* test_mathop_abs.c */ = {isa = PBXFileReference; fileEncoding = 4; lastKnownFileType = sourcecode.c.c; path = test_mathop_abs.c; sourceTree = "<group>"; };
		2D70CC780DDE1135000A23DE /* mexutils.h */ = {isa = PBXFileReference; fileEncoding = 4; lastKnownFileType = sourcecode.c.h; name = mexutils.h; path = toolbox/mexutils.h; sourceTree = "<group>"; };
		2D72EAF00E48A42F005DAA47 /* imopv.c */ = {isa = PBXFileReference; fileEncoding = 4; lastKnownFileType = sourcecode.c.c; path = imopv.c; sourceTree = "<group>"; };
		2D72EAF10E48A42F005DAA47 /* imopv.h */ = {isa = PBXFileReference; fileEncoding = 4; lastKnownFileType = sourcecode.c.h; path = imopv.h; sourceTree = "<group>"; };
		2D72EB080E48A934005DAA47 /* test_imopv.c */ = {isa = PBXFileReference; fileEncoding = 4; lastKnownFileType = sourcecode.c.c; path = test_imopv.c; sourceTree = "<group>"; };
		2D732DE30CF8C2CB0099B03C /* Makefile */ = {isa = PBXFileReference; fileEncoding = 4; lastKnownFileType = sourcecode.make; path = Makefile; sourceTree = "<group>"; tabWidth = 8; usesTabs = 1; };
		2D732DE50CF8C2E40099B03C /* aib.c */ = {isa = PBXFileReference; fileEncoding = 4; lastKnownFileType = sourcecode.c.c; path = aib.c; sourceTree = "<group>"; };
		2D732DE60CF8C2E40099B03C /* generic-driver.h */ = {isa = PBXFileReference; fileEncoding = 4; lastKnownFileType = sourcecode.c.h; path = "generic-driver.h"; sourceTree = "<group>"; };
		2D732DE80CF8C2E40099B03C /* mser.c */ = {isa = PBXFileReference; fileEncoding = 4; lastKnownFileType = sourcecode.c.c; path = mser.c; sourceTree = "<group>"; };
		2D732DEA0CF8C2E40099B03C /* sift.c */ = {isa = PBXFileReference; fileEncoding = 4; lastKnownFileType = sourcecode.c.c; path = sift.c; sourceTree = "<group>"; };
		2D732DEB0CF8C2E40099B03C /* test_getopt_long.c */ = {isa = PBXFileReference; fileEncoding = 4; lastKnownFileType = sourcecode.c.c; path = test_getopt_long.c; sourceTree = "<group>"; };
		2D732DEC0CF8C2E40099B03C /* test_nan.c */ = {isa = PBXFileReference; fileEncoding = 4; lastKnownFileType = sourcecode.c.c; path = test_nan.c; sourceTree = "<group>"; };
		2D732DED0CF8C2E40099B03C /* test_stringop.c */ = {isa = PBXFileReference; fileEncoding = 4; lastKnownFileType = sourcecode.c.c; path = test_stringop.c; sourceTree = "<group>"; };
		2D732E7E0CF8C2E40099B03C /* aib.c */ = {isa = PBXFileReference; fileEncoding = 4; lastKnownFileType = sourcecode.c.c; path = aib.c; sourceTree = "<group>"; };
		2D732E7F0CF8C2E40099B03C /* aib.h */ = {isa = PBXFileReference; fileEncoding = 4; lastKnownFileType = sourcecode.c.h; path = aib.h; sourceTree = "<group>"; };
		2D732E800CF8C2E40099B03C /* generic.c */ = {isa = PBXFileReference; fileEncoding = 4; lastKnownFileType = sourcecode.c.c; path = generic.c; sourceTree = "<group>"; };
		2D732E810CF8C2E40099B03C /* generic.h */ = {isa = PBXFileReference; fileEncoding = 4; lastKnownFileType = sourcecode.c.h; path = generic.h; sourceTree = "<group>"; };
		2D732E820CF8C2E40099B03C /* getopt_long.c */ = {isa = PBXFileReference; fileEncoding = 4; lastKnownFileType = sourcecode.c.c; path = getopt_long.c; sourceTree = "<group>"; };
		2D732E830CF8C2E40099B03C /* getopt_long.h */ = {isa = PBXFileReference; fileEncoding = 4; lastKnownFileType = sourcecode.c.h; path = getopt_long.h; sourceTree = "<group>"; };
		2D732E840CF8C2E40099B03C /* hikmeans.c */ = {isa = PBXFileReference; fileEncoding = 4; lastKnownFileType = sourcecode.c.c; path = hikmeans.c; sourceTree = "<group>"; };
		2D732E850CF8C2E40099B03C /* hikmeans.h */ = {isa = PBXFileReference; fileEncoding = 4; lastKnownFileType = sourcecode.c.h; path = hikmeans.h; sourceTree = "<group>"; };
		2D732E860CF8C2E40099B03C /* ikmeans.c */ = {isa = PBXFileReference; fileEncoding = 4; lastKnownFileType = sourcecode.c.c; path = ikmeans.c; sourceTree = "<group>"; };
		2D732E870CF8C2E40099B03C /* ikmeans.h */ = {isa = PBXFileReference; fileEncoding = 4; lastKnownFileType = sourcecode.c.h; path = ikmeans.h; sourceTree = "<group>"; };
		2D732E880CF8C2E40099B03C /* ikmeans_elkan.tc */ = {isa = PBXFileReference; explicitFileType = sourcecode.c; fileEncoding = 4; includeInIndex = 1; path = ikmeans_elkan.tc; sourceTree = "<group>"; };
		2D732E890CF8C2E40099B03C /* ikmeans_init.tc */ = {isa = PBXFileReference; explicitFileType = sourcecode.c; fileEncoding = 4; path = ikmeans_init.tc; sourceTree = "<group>"; };
		2D732E8A0CF8C2E40099B03C /* ikmeans_lloyd.tc */ = {isa = PBXFileReference; explicitFileType = sourcecode.c; fileEncoding = 4; path = ikmeans_lloyd.tc; sourceTree = "<group>"; };
		2D732E8E0CF8C2E40099B03C /* mathop.c */ = {isa = PBXFileReference; fileEncoding = 4; lastKnownFileType = sourcecode.c.c; path = mathop.c; sourceTree = "<group>"; };
		2D732E8F0CF8C2E40099B03C /* mathop.h */ = {isa = PBXFileReference; fileEncoding = 4; lastKnownFileType = sourcecode.c.h; path = mathop.h; sourceTree = "<group>"; };
		2D732E900CF8C2E40099B03C /* mser.c */ = {isa = PBXFileReference; fileEncoding = 4; lastKnownFileType = sourcecode.c.c; path = mser.c; sourceTree = "<group>"; };
		2D732E910CF8C2E40099B03C /* mser.h */ = {isa = PBXFileReference; fileEncoding = 4; lastKnownFileType = sourcecode.c.h; path = mser.h; sourceTree = "<group>"; };
		2D732E920CF8C2E40099B03C /* pgm.c */ = {isa = PBXFileReference; fileEncoding = 4; lastKnownFileType = sourcecode.c.c; path = pgm.c; sourceTree = "<group>"; };
		2D732E930CF8C2E40099B03C /* pgm.h */ = {isa = PBXFileReference; fileEncoding = 4; lastKnownFileType = sourcecode.c.h; path = pgm.h; sourceTree = "<group>"; };
		2D732E940CF8C2E40099B03C /* rodrigues.c */ = {isa = PBXFileReference; fileEncoding = 4; lastKnownFileType = sourcecode.c.c; path = rodrigues.c; sourceTree = "<group>"; };
		2D732E950CF8C2E40099B03C /* rodrigues.h */ = {isa = PBXFileReference; fileEncoding = 4; lastKnownFileType = sourcecode.c.h; path = rodrigues.h; sourceTree = "<group>"; };
		2D732E960CF8C2E40099B03C /* sift.c */ = {isa = PBXFileReference; fileEncoding = 4; lastKnownFileType = sourcecode.c.c; path = sift.c; sourceTree = "<group>"; };
		2D732E970CF8C2E40099B03C /* sift.h */ = {isa = PBXFileReference; fileEncoding = 4; lastKnownFileType = sourcecode.c.h; path = sift.h; sourceTree = "<group>"; };
		2D732E980CF8C2E40099B03C /* stringop.c */ = {isa = PBXFileReference; fileEncoding = 4; lastKnownFileType = sourcecode.c.c; path = stringop.c; sourceTree = "<group>"; };
		2D732E990CF8C2E40099B03C /* stringop.h */ = {isa = PBXFileReference; fileEncoding = 4; lastKnownFileType = sourcecode.c.h; path = stringop.h; sourceTree = "<group>"; };
		2D765BAD0FEC076700D08578 /* kdtree.c */ = {isa = PBXFileReference; fileEncoding = 4; lastKnownFileType = sourcecode.c.c; path = kdtree.c; sourceTree = "<group>"; };
		2D765BAE0FEC076700D08578 /* kdtree.h */ = {isa = PBXFileReference; fileEncoding = 4; lastKnownFileType = sourcecode.c.h; path = kdtree.h; sourceTree = "<group>"; };
		2D765BAF0FEC076700D08578 /* quickshift.c */ = {isa = PBXFileReference; fileEncoding = 4; lastKnownFileType = sourcecode.c.c; path = quickshift.c; sourceTree = "<group>"; };
		2D765BB00FEC076700D08578 /* quickshift.h */ = {isa = PBXFileReference; fileEncoding = 4; lastKnownFileType = sourcecode.c.h; path = quickshift.h; sourceTree = "<group>"; };
		2D765C4A0FED090900D08578 /* vl_kdtreebuild.c */ = {isa = PBXFileReference; fileEncoding = 4; lastKnownFileType = sourcecode.c.c; name = vl_kdtreebuild.c; path = toolbox/misc/vl_kdtreebuild.c; sourceTree = "<group>"; };
		2D7AD0800E38911C00783252 /* formatter.py */ = {isa = PBXFileReference; fileEncoding = 4; lastKnownFileType = text.script.python; name = formatter.py; path = docsrc/formatter.py; sourceTree = "<group>"; };
		2D7AD0810E38911C00783252 /* mdoc.py */ = {isa = PBXFileReference; fileEncoding = 4; lastKnownFileType = text.script.python; name = mdoc.py; path = docsrc/mdoc.py; sourceTree = "<group>"; };
		2D7AD0820E38911C00783252 /* webdoc.py */ = {isa = PBXFileReference; fileEncoding = 4; lastKnownFileType = text.script.python; name = webdoc.py; path = docsrc/webdoc.py; sourceTree = "<group>"; };
		2D7AD0830E38911C00783252 /* wikidoc.py */ = {isa = PBXFileReference; fileEncoding = 4; lastKnownFileType = text.script.python; name = wikidoc.py; path = docsrc/wikidoc.py; sourceTree = "<group>"; };
		2D7AD0860E38C05800783252 /* web.css */ = {isa = PBXFileReference; fileEncoding = 4; lastKnownFileType = text.css; name = web.css; path = docsrc/web.css; sourceTree = "<group>"; };
		2D7AD0A90E38C18600783252 /* aib.html */ = {isa = PBXFileReference; fileEncoding = 4; lastKnownFileType = text.html; name = aib.html; path = docsrc/aib.html; sourceTree = "<group>"; };
		2D7AD0AA0E38C18600783252 /* api.html */ = {isa = PBXFileReference; fileEncoding = 4; lastKnownFileType = text.html; name = api.html; path = docsrc/api.html; sourceTree = "<group>"; };
		2D7AD0AB0E38C18600783252 /* download.html */ = {isa = PBXFileReference; fileEncoding = 4; lastKnownFileType = text.html; name = download.html; path = docsrc/download.html; sourceTree = "<group>"; };
		2D7AD0AC0E38C18600783252 /* doxygen.conf */ = {isa = PBXFileReference; fileEncoding = 4; lastKnownFileType = text; name = doxygen.conf; path = docsrc/doxygen.conf; sourceTree = "<group>"; };
		2D7AD0AD0E38C18600783252 /* hikm.html */ = {isa = PBXFileReference; fileEncoding = 4; lastKnownFileType = text.html; name = hikm.html; path = docsrc/hikm.html; sourceTree = "<group>"; };
		2D7AD0AE0E38C18600783252 /* ikm.html */ = {isa = PBXFileReference; fileEncoding = 4; lastKnownFileType = text.html; name = ikm.html; path = docsrc/ikm.html; sourceTree = "<group>"; };
		2D7AD0AF0E38C18600783252 /* index.html */ = {isa = PBXFileReference; explicitFileType = text.html.documentation; fileEncoding = 4; name = index.html; path = docsrc/index.html; sourceTree = "<group>"; };
		2D7AD0B00E38C18600783252 /* mser.html */ = {isa = PBXFileReference; fileEncoding = 4; lastKnownFileType = text.html; name = mser.html; path = docsrc/mser.html; sourceTree = "<group>"; };
		2D7AD0B10E38C18600783252 /* sift.html */ = {isa = PBXFileReference; fileEncoding = 4; lastKnownFileType = text.html; name = sift.html; path = docsrc/sift.html; sourceTree = "<group>"; };
		2D7AD0B20E38C18600783252 /* template.html */ = {isa = PBXFileReference; fileEncoding = 4; lastKnownFileType = text.html; name = template.html; path = docsrc/template.html; sourceTree = "<group>"; };
		2D7AD0B30E38C18600783252 /* tutorials.html */ = {isa = PBXFileReference; fileEncoding = 4; lastKnownFileType = text.html; name = tutorials.html; path = docsrc/tutorials.html; sourceTree = "<group>"; };
		2D7AD0B40E38C18600783252 /* utils.html */ = {isa = PBXFileReference; fileEncoding = 4; lastKnownFileType = text.html; name = utils.html; path = docsrc/utils.html; sourceTree = "<group>"; };
		2D7AD0B50E38C18600783252 /* web.xml */ = {isa = PBXFileReference; fileEncoding = 4; lastKnownFileType = text.xml; name = web.xml; path = docsrc/web.xml; sourceTree = "<group>"; };
		2D8061FE118229AB0092BDD1 /* pegasos.c */ = {isa = PBXFileReference; fileEncoding = 4; lastKnownFileType = sourcecode.c.c; path = pegasos.c; sourceTree = "<group>"; };
		2D8061FF118229AB0092BDD1 /* pegasos.h */ = {isa = PBXFileReference; fileEncoding = 4; lastKnownFileType = sourcecode.c.h; path = pegasos.h; sourceTree = "<group>"; };
		2D86B1080F24CC9B00E625D6 /* vl_aib.c */ = {isa = PBXFileReference; fileEncoding = 4; lastKnownFileType = sourcecode.c.c; name = vl_aib.c; path = toolbox/aib/vl_aib.c; sourceTree = "<group>"; };
		2D86B1090F24CC9B00E625D6 /* vl_aibhist.c */ = {isa = PBXFileReference; fileEncoding = 4; lastKnownFileType = sourcecode.c.c; name = vl_aibhist.c; path = toolbox/aib/vl_aibhist.c; sourceTree = "<group>"; };
		2D86B10A0F24CC9B00E625D6 /* vl_alldist2.c */ = {isa = PBXFileReference; fileEncoding = 4; lastKnownFileType = sourcecode.c.c; name = vl_alldist2.c; path = toolbox/misc/vl_alldist2.c; sourceTree = "<group>"; };
		2D86B10B0F24CC9B00E625D6 /* vl_binsearch.c */ = {isa = PBXFileReference; fileEncoding = 4; lastKnownFileType = sourcecode.c.c; name = vl_binsearch.c; path = toolbox/misc/vl_binsearch.c; sourceTree = "<group>"; };
		2D86B10C0F24CC9B00E625D6 /* vl_binsum.c */ = {isa = PBXFileReference; fileEncoding = 4; lastKnownFileType = sourcecode.c.c; name = vl_binsum.c; path = toolbox/misc/vl_binsum.c; sourceTree = "<group>"; };
		2D86B10E0F24CC9B00E625D6 /* vl_erfill.c */ = {isa = PBXFileReference; fileEncoding = 4; lastKnownFileType = sourcecode.c.c; name = vl_erfill.c; path = toolbox/mser/vl_erfill.c; sourceTree = "<group>"; };
		2D86B10F0F24CC9B00E625D6 /* vl_getpid.c */ = {isa = PBXFileReference; fileEncoding = 4; lastKnownFileType = sourcecode.c.c; name = vl_getpid.c; path = toolbox/misc/vl_getpid.c; sourceTree = "<group>"; };
		2D86B1100F24CC9B00E625D6 /* vl_hikmeans.c */ = {isa = PBXFileReference; fileEncoding = 4; lastKnownFileType = sourcecode.c.c; name = vl_hikmeans.c; path = toolbox/kmeans/vl_hikmeans.c; sourceTree = "<group>"; };
		2D86B1110F24CC9B00E625D6 /* vl_hikmeanspush.c */ = {isa = PBXFileReference; fileEncoding = 4; lastKnownFileType = sourcecode.c.c; name = vl_hikmeanspush.c; path = toolbox/kmeans/vl_hikmeanspush.c; sourceTree = "<group>"; };
		2D86B1120F24CC9B00E625D6 /* vl_ihashfind.c */ = {isa = PBXFileReference; fileEncoding = 4; lastKnownFileType = sourcecode.c.c; name = vl_ihashfind.c; path = toolbox/misc/vl_ihashfind.c; sourceTree = "<group>"; };
		2D86B1130F24CC9B00E625D6 /* vl_ihashsum.c */ = {isa = PBXFileReference; fileEncoding = 4; lastKnownFileType = sourcecode.c.c; name = vl_ihashsum.c; path = toolbox/misc/vl_ihashsum.c; sourceTree = "<group>"; };
		2D86B1140F24CC9B00E625D6 /* vl_ikmeans.c */ = {isa = PBXFileReference; fileEncoding = 4; lastKnownFileType = sourcecode.c.c; name = vl_ikmeans.c; path = toolbox/kmeans/vl_ikmeans.c; sourceTree = "<group>"; };
		2D86B1150F24CC9B00E625D6 /* vl_ikmeanspush.c */ = {isa = PBXFileReference; fileEncoding = 4; lastKnownFileType = sourcecode.c.c; name = vl_ikmeanspush.c; path = toolbox/kmeans/vl_ikmeanspush.c; sourceTree = "<group>"; };
		2D86B1160F24CC9B00E625D6 /* vl_imintegral.c */ = {isa = PBXFileReference; fileEncoding = 4; lastKnownFileType = sourcecode.c.c; name = vl_imintegral.c; path = toolbox/imop/vl_imintegral.c; sourceTree = "<group>"; };
		2D86B1170F24CC9B00E625D6 /* vl_imsmooth.c */ = {isa = PBXFileReference; fileEncoding = 4; lastKnownFileType = sourcecode.c.c; name = vl_imsmooth.c; path = toolbox/imop/vl_imsmooth.c; sourceTree = "<group>"; };
		2D86B1180F24CC9B00E625D6 /* vl_imwbackwardmx.c */ = {isa = PBXFileReference; fileEncoding = 4; lastKnownFileType = sourcecode.c.c; name = vl_imwbackwardmx.c; path = toolbox/imop/vl_imwbackwardmx.c; sourceTree = "<group>"; };
		2D86B1190F24CC9B00E625D6 /* vl_inthist.c */ = {isa = PBXFileReference; fileEncoding = 4; lastKnownFileType = sourcecode.c.c; name = vl_inthist.c; path = toolbox/misc/vl_inthist.c; sourceTree = "<group>"; };
		2D86B11A0F24CC9B00E625D6 /* vl_irodr.c */ = {isa = PBXFileReference; fileEncoding = 4; lastKnownFileType = sourcecode.c.c; name = vl_irodr.c; path = toolbox/geometry/vl_irodr.c; sourceTree = "<group>"; };
		2D86B11B0F24CC9B00E625D6 /* vl_localmax.c */ = {isa = PBXFileReference; fileEncoding = 4; lastKnownFileType = sourcecode.c.c; name = vl_localmax.c; path = toolbox/misc/vl_localmax.c; sourceTree = "<group>"; };
		2D86B11C0F24CC9B00E625D6 /* vl_mser.c */ = {isa = PBXFileReference; fileEncoding = 4; lastKnownFileType = sourcecode.c.c; name = vl_mser.c; path = toolbox/mser/vl_mser.c; sourceTree = "<group>"; };
		2D86B11D0F24CC9B00E625D6 /* vl_rodr.c */ = {isa = PBXFileReference; fileEncoding = 4; lastKnownFileType = sourcecode.c.c; name = vl_rodr.c; path = toolbox/geometry/vl_rodr.c; sourceTree = "<group>"; };
		2D86B11E0F24CC9B00E625D6 /* vl_samplinthist.c */ = {isa = PBXFileReference; fileEncoding = 4; lastKnownFileType = sourcecode.c.c; name = vl_samplinthist.c; path = toolbox/misc/vl_samplinthist.c; sourceTree = "<group>"; };
		2D86B11F0F24CC9B00E625D6 /* vl_sift.c */ = {isa = PBXFileReference; fileEncoding = 4; lastKnownFileType = sourcecode.c.c; name = vl_sift.c; path = toolbox/sift/vl_sift.c; sourceTree = "<group>"; };
		2D86B1200F24CC9B00E625D6 /* vl_siftdescriptor.c */ = {isa = PBXFileReference; fileEncoding = 4; lastKnownFileType = sourcecode.c.c; name = vl_siftdescriptor.c; path = toolbox/sift/vl_siftdescriptor.c; sourceTree = "<group>"; };
		2D86B1210F24CC9B00E625D6 /* vl_tpsumx.c */ = {isa = PBXFileReference; fileEncoding = 4; lastKnownFileType = sourcecode.c.c; name = vl_tpsumx.c; path = toolbox/imop/vl_tpsumx.c; sourceTree = "<group>"; };
		2D86B1220F24CC9B00E625D6 /* vl_twister.c */ = {isa = PBXFileReference; fileEncoding = 4; lastKnownFileType = sourcecode.c.c; name = vl_twister.c; path = toolbox/misc/vl_twister.c; sourceTree = "<group>"; };
		2D86B1230F24CC9B00E625D6 /* vl_ubcmatch.c */ = {isa = PBXFileReference; fileEncoding = 4; lastKnownFileType = sourcecode.c.c; name = vl_ubcmatch.c; path = toolbox/sift/vl_ubcmatch.c; sourceTree = "<group>"; };
		2D9941F410ECD04F00502DF6 /* heap-def.h */ = {isa = PBXFileReference; fileEncoding = 4; lastKnownFileType = sourcecode.c.h; path = "heap-def.h"; sourceTree = "<group>"; };
		2D99420410ECD6E300502DF6 /* index.html */ = {isa = PBXFileReference; explicitFileType = text.html.documentation; fileEncoding = 4; name = index.html; path = doc/index.html; sourceTree = "<group>"; };
		2DB1A28F110CE32F00E02BD8 /* inthist.tc */ = {isa = PBXFileReference; explicitFileType = sourcecode.c.c; fileEncoding = 4; name = inthist.tc; path = toolbox/misc/inthist.tc; sourceTree = "<group>"; };
		2DB1A290110CE32F00E02BD8 /* samplinthist.tc */ = {isa = PBXFileReference; explicitFileType = sourcecode.c.c; fileEncoding = 4; name = samplinthist.tc; path = toolbox/misc/samplinthist.tc; sourceTree = "<group>"; };
		2DB1A2A1110D09B200E02BD8 /* vl_quickshift.c */ = {isa = PBXFileReference; fileEncoding = 4; lastKnownFileType = sourcecode.c.c; name = vl_quickshift.c; path = toolbox/quickshift/vl_quickshift.c; sourceTree = "<group>"; };
		2DB1A2A2110D09B200E02BD8 /* vl_version.c */ = {isa = PBXFileReference; fileEncoding = 4; lastKnownFileType = sourcecode.c.c; name = vl_version.c; path = toolbox/misc/vl_version.c; sourceTree = "<group>"; };
		2DBD0AA110F78FEB004DBA31 /* qsort-def.h */ = {isa = PBXFileReference; fileEncoding = 4; lastKnownFileType = sourcecode.c.h; path = "qsort-def.h"; sourceTree = "<group>"; };
		2DBD0AA410F7A48C004DBA31 /* test_qsort-def.c */ = {isa = PBXFileReference; fileEncoding = 4; lastKnownFileType = sourcecode.c.c; path = "test_qsort-def.c"; sourceTree = "<group>"; };
		2DC75D0B0E4B4FE7005223E7 /* Makefile.mak */ = {isa = PBXFileReference; fileEncoding = 4; lastKnownFileType = sourcecode.make; path = Makefile.mak; sourceTree = "<group>"; tabWidth = 8; };
		2DD302780DE33107009443C7 /* random.c */ = {isa = PBXFileReference; fileEncoding = 4; lastKnownFileType = sourcecode.c.c; path = random.c; sourceTree = "<group>"; };
		2DD302790DE33107009443C7 /* random.h */ = {isa = PBXFileReference; fileEncoding = 4; lastKnownFileType = sourcecode.c.h; path = random.h; sourceTree = "<group>"; };
		2DD99CC40E58A86B00CE1DA1 /* imopv_sse2.c */ = {isa = PBXFileReference; fileEncoding = 4; lastKnownFileType = sourcecode.c.c; path = imopv_sse2.c; sourceTree = "<group>"; };
		2DD99CC50E58A8C700CE1DA1 /* imopv_sse2.h */ = {isa = PBXFileReference; fileEncoding = 4; lastKnownFileType = sourcecode.c.h; path = imopv_sse2.h; sourceTree = "<group>"; };
		2DD99E8F0E59EA8E00CE1DA1 /* host.h */ = {isa = PBXFileReference; fileEncoding = 4; lastKnownFileType = sourcecode.c.h; path = host.h; sourceTree = "<group>"; };
		2DD99E900E59EA8E00CE1DA1 /* host.c */ = {isa = PBXFileReference; fileEncoding = 4; lastKnownFileType = sourcecode.c.c; path = host.c; sourceTree = "<group>"; };
		2DD9A01F0E5A296700CE1DA1 /* test_host.c */ = {isa = PBXFileReference; fileEncoding = 4; lastKnownFileType = sourcecode.c.c; path = test_host.c; sourceTree = "<group>"; };
		2DE5B37D0FDC2BE9008CEB1D /* dsift.c */ = {isa = PBXFileReference; fileEncoding = 4; lastKnownFileType = sourcecode.c.c; path = dsift.c; sourceTree = "<group>"; };
		2DE5B37E0FDC2BE9008CEB1D /* dsift.h */ = {isa = PBXFileReference; fileEncoding = 4; lastKnownFileType = sourcecode.c.h; path = dsift.h; sourceTree = "<group>"; };
		2DE5B3A80FDC3471008CEB1D /* vl_dsift.c */ = {isa = PBXFileReference; fileEncoding = 4; lastKnownFileType = sourcecode.c.c; name = vl_dsift.c; path = toolbox/sift/vl_dsift.c; sourceTree = "<group>"; };
		2DE765220FF23EE9006347E0 /* kdtree.h */ = {isa = PBXFileReference; fileEncoding = 4; lastKnownFileType = sourcecode.c.h; name = kdtree.h; path = toolbox/misc/kdtree.h; sourceTree = "<group>"; };
		2DF4565610ADB9010083F316 /* vl_homkermap.c */ = {isa = PBXFileReference; fileEncoding = 4; lastKnownFileType = sourcecode.c.c; name = vl_homkermap.c; path = toolbox/misc/vl_homkermap.c; sourceTree = "<group>"; };
		2DFF4C370FF1033B00E5D79C /* vl_kdtreequery.c */ = {isa = PBXFileReference; fileEncoding = 4; lastKnownFileType = sourcecode.c.c; name = vl_kdtreequery.c; path = toolbox/misc/vl_kdtreequery.c; sourceTree = "<group>"; };
/* End PBXFileReference section */

/* Begin PBXGroup section */
		08FB7794FE84155DC02AAC07 /* vlfeat */ = {
			isa = PBXGroup;
			children = (
				2D99420410ECD6E300502DF6 /* index.html */,
				2D732DE30CF8C2CB0099B03C /* Makefile */,
				2DC75D0B0E4B4FE7005223E7 /* Makefile.mak */,
				2D6102CF111EE22C00470F4C /* make */,
				2D732E7D0CF8C2E40099B03C /* vl */,
				2D732EAF0CF8C3950099B03C /* toolbox */,
				2D732DE40CF8C2E40099B03C /* src */,
				2D7AD0870E38C15700783252 /* doc */,
			);
			name = vlfeat;
			sourceTree = "<group>";
		};
		2D6102CF111EE22C00470F4C /* make */ = {
			isa = PBXGroup;
			children = (
				2D6102D0111EE22C00470F4C /* bin.mak */,
				2D6102D1111EE22C00470F4C /* dist.mak */,
				2D6102D2111EE22C00470F4C /* dll.mak */,
				2D6102D3111EE22C00470F4C /* doc.mak */,
				2D6102D4111EE22C00470F4C /* matlab.mak */,
				2D6102D5111EE22C00470F4C /* octave.mak */,
			);
			path = make;
			sourceTree = "<group>";
		};
		2D72EA930E4776FE005DAA47 /* html */ = {
			isa = PBXGroup;
			children = (
				2D7AD0AF0E38C18600783252 /* index.html */,
				2D7AD0AB0E38C18600783252 /* download.html */,
				2D7AD0A90E38C18600783252 /* aib.html */,
				2D7AD0AA0E38C18600783252 /* api.html */,
				2D7AD0AD0E38C18600783252 /* hikm.html */,
				2D7AD0AE0E38C18600783252 /* ikm.html */,
				2D7AD0B00E38C18600783252 /* mser.html */,
				2D7AD0B10E38C18600783252 /* sift.html */,
				2D7AD0B20E38C18600783252 /* template.html */,
				2D7AD0B30E38C18600783252 /* tutorials.html */,
				2D7AD0B40E38C18600783252 /* utils.html */,
			);
			name = html;
			sourceTree = "<group>";
		};
		2D732DE40CF8C2E40099B03C /* src */ = {
			isa = PBXGroup;
			children = (
				2D732DE50CF8C2E40099B03C /* aib.c */,
				2D6007FF1115C1FA0020963C /* check.h */,
				2D732DE60CF8C2E40099B03C /* generic-driver.h */,
				2D732DE80CF8C2E40099B03C /* mser.c */,
				2D732DEA0CF8C2E40099B03C /* sift.c */,
				2D732DEB0CF8C2E40099B03C /* test_getopt_long.c */,
				2D624AD60FF9306700DB3122 /* test_heap-def.c */,
				2DD9A01F0E5A296700CE1DA1 /* test_host.c */,
				2D72EB080E48A934005DAA47 /* test_imopv.c */,
				2D6DD0F4100F5E5E006AE152 /* test_mathop_abs.c */,
				2D732DEC0CF8C2E40099B03C /* test_nan.c */,
				2DBD0AA410F7A48C004DBA31 /* test_qsort-def.c */,
				2D732DED0CF8C2E40099B03C /* test_stringop.c */,
				2D471AA710DD2C7900FA4182 /* test_threads.c */,
				2D13EEF8100A5CFE00C072E8 /* test_vec_comp.c */,
			);
			path = src;
			sourceTree = "<group>";
		};
		2D732E7D0CF8C2E40099B03C /* vl */ = {
			isa = PBXGroup;
			children = (
				2DBD0B2110F7AB58004DBA31 /* metaprograms */,
				2D732E7E0CF8C2E40099B03C /* aib.c */,
				2D732E7F0CF8C2E40099B03C /* aib.h */,
				2DE5B37D0FDC2BE9008CEB1D /* dsift.c */,
				2DE5B37E0FDC2BE9008CEB1D /* dsift.h */,
				2D0E6C4B1003E0DF00F0864E /* float.th */,
				2D732E800CF8C2E40099B03C /* generic.c */,
				2D732E810CF8C2E40099B03C /* generic.h */,
				2D732E820CF8C2E40099B03C /* getopt_long.c */,
				2D732E830CF8C2E40099B03C /* getopt_long.h */,
				2D732E840CF8C2E40099B03C /* hikmeans.c */,
				2D732E850CF8C2E40099B03C /* hikmeans.h */,
				2D519081115A800C0079E222 /* homkermap.c */,
				2D519080115A800C0079E222 /* homkermap.h */,
				2DD99E900E59EA8E00CE1DA1 /* host.c */,
				2DD99E8F0E59EA8E00CE1DA1 /* host.h */,
				2D732E860CF8C2E40099B03C /* ikmeans.c */,
				2D732E870CF8C2E40099B03C /* ikmeans.h */,
				2D732E880CF8C2E40099B03C /* ikmeans_elkan.tc */,
				2D732E890CF8C2E40099B03C /* ikmeans_init.tc */,
				2D732E8A0CF8C2E40099B03C /* ikmeans_lloyd.tc */,
				2D72EAF00E48A42F005DAA47 /* imopv.c */,
				2D72EAF10E48A42F005DAA47 /* imopv.h */,
				2DD99CC40E58A86B00CE1DA1 /* imopv_sse2.c */,
				2DD99CC50E58A8C700CE1DA1 /* imopv_sse2.h */,
				2D765BAD0FEC076700D08578 /* kdtree.c */,
				2D765BAE0FEC076700D08578 /* kdtree.h */,
				2D4EB0BF10F3C1E800ADA534 /* kmeans.c */,
				2D4EB0C010F3C1E800ADA534 /* kmeans.h */,
				2D732E8E0CF8C2E40099B03C /* mathop.c */,
				2D732E8F0CF8C2E40099B03C /* mathop.h */,
				2D13EEE1100A511200C072E8 /* mathop_sse2.c */,
				2D13EEE4100A539200C072E8 /* mathop_sse2.h */,
				2D732E900CF8C2E40099B03C /* mser.c */,
				2D732E910CF8C2E40099B03C /* mser.h */,
				2D8061FE118229AB0092BDD1 /* pegasos.c */,
				2D8061FF118229AB0092BDD1 /* pegasos.h */,
				2D732E920CF8C2E40099B03C /* pgm.c */,
				2D732E930CF8C2E40099B03C /* pgm.h */,
				2D765BAF0FEC076700D08578 /* quickshift.c */,
				2D765BB00FEC076700D08578 /* quickshift.h */,
				2DD302780DE33107009443C7 /* random.c */,
				2DD302790DE33107009443C7 /* random.h */,
				2D732E940CF8C2E40099B03C /* rodrigues.c */,
				2D732E950CF8C2E40099B03C /* rodrigues.h */,
				2D732E960CF8C2E40099B03C /* sift.c */,
				2D732E970CF8C2E40099B03C /* sift.h */,
				2D732E980CF8C2E40099B03C /* stringop.c */,
				2D732E990CF8C2E40099B03C /* stringop.h */,
			);
			path = vl;
			sourceTree = "<group>";
		};
		2D732EAF0CF8C3950099B03C /* toolbox */ = {
			isa = PBXGroup;
			children = (
				2DB1A28F110CE32F00E02BD8 /* inthist.tc */,
				2DE765220FF23EE9006347E0 /* kdtree.h */,
				2D70CC780DDE1135000A23DE /* mexutils.h */,
				2DB1A290110CE32F00E02BD8 /* samplinthist.tc */,
				2D86B1080F24CC9B00E625D6 /* vl_aib.c */,
				2D86B1090F24CC9B00E625D6 /* vl_aibhist.c */,
				2D13F028100A6E8800C072E8 /* vl_alldist.c */,
				2D86B10A0F24CC9B00E625D6 /* vl_alldist2.c */,
				2D86B10B0F24CC9B00E625D6 /* vl_binsearch.c */,
				2D86B10C0F24CC9B00E625D6 /* vl_binsum.c */,
				2DE5B3A80FDC3471008CEB1D /* vl_dsift.c */,
				2D86B10E0F24CC9B00E625D6 /* vl_erfill.c */,
				2D86B10F0F24CC9B00E625D6 /* vl_getpid.c */,
				2D86B1100F24CC9B00E625D6 /* vl_hikmeans.c */,
				2D86B1110F24CC9B00E625D6 /* vl_hikmeanspush.c */,
				2DF4565610ADB9010083F316 /* vl_homkermap.c */,
				2D86B1120F24CC9B00E625D6 /* vl_ihashfind.c */,
				2D86B1130F24CC9B00E625D6 /* vl_ihashsum.c */,
				2D86B1140F24CC9B00E625D6 /* vl_ikmeans.c */,
				2D86B1150F24CC9B00E625D6 /* vl_ikmeanspush.c */,
				2D27614810FF6B3900D14D9E /* vl_imdisttf.c */,
				2D86B1160F24CC9B00E625D6 /* vl_imintegral.c */,
				2D86B1170F24CC9B00E625D6 /* vl_imsmooth.c */,
				2D86B1180F24CC9B00E625D6 /* vl_imwbackwardmx.c */,
				2D86B1190F24CC9B00E625D6 /* vl_inthist.c */,
				2D86B11A0F24CC9B00E625D6 /* vl_irodr.c */,
				2D765C4A0FED090900D08578 /* vl_kdtreebuild.c */,
				2DFF4C370FF1033B00E5D79C /* vl_kdtreequery.c */,
				2D4EB0C110F3C21600ADA534 /* vl_kmeans.c */,
				2D86B11B0F24CC9B00E625D6 /* vl_localmax.c */,
				2D86B11C0F24CC9B00E625D6 /* vl_mser.c */,
				2D2B3C6B11A19CB9008F9C80 /* vl_pegasos.c */,
				2DB1A2A1110D09B200E02BD8 /* vl_quickshift.c */,
				2D86B11D0F24CC9B00E625D6 /* vl_rodr.c */,
				2D86B11E0F24CC9B00E625D6 /* vl_samplinthist.c */,
				2D86B11F0F24CC9B00E625D6 /* vl_sift.c */,
				2D86B1200F24CC9B00E625D6 /* vl_siftdescriptor.c */,
				2D13F02C100A718600C072E8 /* vl_simdctrl.c */,
				2D86B1210F24CC9B00E625D6 /* vl_tpsumx.c */,
				2D86B1220F24CC9B00E625D6 /* vl_twister.c */,
				2D86B1230F24CC9B00E625D6 /* vl_ubcmatch.c */,
				2DB1A2A2110D09B200E02BD8 /* vl_version.c */,
			);
			name = toolbox;
			sourceTree = "<group>";
		};
		2D7AD0870E38C15700783252 /* doc */ = {
			isa = PBXGroup;
			children = (
				2D7AD0AC0E38C18600783252 /* doxygen.conf */,
				2D7AD0B50E38C18600783252 /* web.xml */,
				2D7AD0860E38C05800783252 /* web.css */,
				2D7AD0800E38911C00783252 /* formatter.py */,
				2D7AD0810E38911C00783252 /* mdoc.py */,
				2D7AD0820E38911C00783252 /* webdoc.py */,
				2D7AD0830E38911C00783252 /* wikidoc.py */,
				2D72EA930E4776FE005DAA47 /* html */,
			);
			name = doc;
			sourceTree = "<group>";
		};
		2DBD0B2110F7AB58004DBA31 /* metaprograms */ = {
			isa = PBXGroup;
			children = (
				2D9941F410ECD04F00502DF6 /* heap-def.h */,
				2D4EB14D10F3F3A500ADA534 /* shuffle-def.h */,
				2DBD0AA110F78FEB004DBA31 /* qsort-def.h */,
			);
			name = metaprograms;
			sourceTree = "<group>";
		};
/* End PBXGroup section */

/* Begin PBXLegacyTarget section */
		2D72E9C90E4765D2005DAA47 /* make doc-api */ = {
			isa = PBXLegacyTarget;
			buildArgumentsString = "doc-api";
			buildConfigurationList = 2D72E9CA0E4765D2005DAA47 /* Build configuration list for PBXLegacyTarget "make doc-api" */;
			buildPhases = (
			);
			buildToolPath = /usr/bin/make;
			buildWorkingDirectory = "";
			dependencies = (
			);
			name = "make doc-api";
			passBuildSettingsInEnvironment = 1;
			productName = "vlfeat-all";
		};
		2D72EA220E476C05005DAA47 /* make info */ = {
			isa = PBXLegacyTarget;
			buildArgumentsString = info;
			buildConfigurationList = 2D72EA230E476C05005DAA47 /* Build configuration list for PBXLegacyTarget "make info" */;
			buildPhases = (
			);
			buildToolPath = /usr/bin/make;
			buildWorkingDirectory = "";
			dependencies = (
			);
			name = "make info";
			passBuildSettingsInEnvironment = 1;
			productName = "vlfeat-all";
		};
		2D732DBE0CF8BFFD0099B03C /* make */ = {
			isa = PBXLegacyTarget;
			buildArgumentsString = "$(ACTION)";
			buildConfigurationList = 2D732DCF0CF8C02D0099B03C /* Build configuration list for PBXLegacyTarget "make" */;
			buildPhases = (
			);
			buildToolPath = /usr/bin/make;
			buildWorkingDirectory = "";
			dependencies = (
			);
			name = make;
			passBuildSettingsInEnvironment = 1;
			productName = "vlfeat-all";
		};
/* End PBXLegacyTarget section */

/* Begin PBXProject section */
		08FB7793FE84155DC02AAC07 /* Project object */ = {
			isa = PBXProject;
			buildConfigurationList = 1DEB919308733D9F0010E9CD /* Build configuration list for PBXProject "vlfeat" */;
			compatibilityVersion = "Xcode 3.0";
			hasScannedForEncodings = 1;
			mainGroup = 08FB7794FE84155DC02AAC07 /* vlfeat */;
			productRefGroup = 08FB7794FE84155DC02AAC07 /* vlfeat */;
			projectDirPath = "";
			projectRoot = "";
			targets = (
				2D732DBE0CF8BFFD0099B03C /* make */,
				2D72E9C90E4765D2005DAA47 /* make doc-api */,
				2D72EA220E476C05005DAA47 /* make info */,
			);
		};
/* End PBXProject section */

/* Begin XCBuildConfiguration section */
		1DEB919408733D9F0010E9CD /* Debug 32 */ = {
			isa = XCBuildConfiguration;
			buildSettings = {
				ACTIVE_TEST = test_host;
				ARCH = maci;
				ARCHS = x86_64;
				DEBUG = YES;
				DOXYGEN = /Applications/Doxygen.app/Contents/Resources/doxygen;
				GCC_WARN_ABOUT_RETURN_TYPE = YES;
				GCC_WARN_UNUSED_VARIABLE = YES;
				HEADER_SEARCH_PATHS = "$(MATLABROOT)/extern/include";
				MATLABEXE = "$(MATLABROOT)/bin/matlab";
				MATLABROOT = /Applications/Matlab09B.app;
				MEX = "$(MATLABROOT)/bin/mex";
				PATH = "$(PATH):/opt/local/bin/";
				PREBINDING = NO;
				SDKROOT = "$(DEVELOPER_SDK_DIR)/MacOSX10.5.sdk";
				VERB = yes;
				VLDIR = "$(PROJECT_DIR)";
			};
			name = "Debug 32";
		};
		1DEB919508733D9F0010E9CD /* Release 32 */ = {
			isa = XCBuildConfiguration;
			buildSettings = {
				ACTIVE_TEST = test_host;
				ARCH = maci;
				ARCHS = i386;
				DOXYGEN = /Applications/Doxygen.app/Contents/Resources/doxygen;
				GCC_WARN_ABOUT_RETURN_TYPE = YES;
				GCC_WARN_UNUSED_VARIABLE = YES;
				HEADER_SEARCH_PATHS = "$(MATLABROOT)/extern/include";
				MATLABEXE = "$(MATLABROOT)/bin/matlab";
				MATLABROOT = /Applications/Matlab09B.app;
				MEX = "$(MATLABROOT)/bin/mex";
				PATH = "$(PATH):/opt/local/bin/";
				PREBINDING = NO;
				PROFILE = yes;
				SDKROOT = "$(DEVELOPER_SDK_DIR)/MacOSX10.5.sdk";
				VERB = yes;
				VLDIR = "$(PROJECT_DIR)";
			};
			name = "Release 32";
		};
		2D271AA710E1999F0064BE1D /* Debug 64 */ = {
			isa = XCBuildConfiguration;
			buildSettings = {
				ACTIVE_TEST = test_host;
				ARCH = maci64;
				ARCHS = x86_64;
				DEBUG = YES;
				DOXYGEN = /Applications/Doxygen.app/Contents/Resources/doxygen;
				GCC_WARN_ABOUT_RETURN_TYPE = YES;
				GCC_WARN_UNUSED_VARIABLE = YES;
				HEADER_SEARCH_PATHS = "$(MATLABROOT)/extern/include";
				MATLABEXE = "$(MATLABROOT)/bin/matlab";
				MATLABROOT = /Applications/Matlab09B.app;
				MEX = "$(MATLABROOT)/bin/mex";
				PATH = "$(PATH):/opt/local/bin/";
				PREBINDING = NO;
				SDKROOT = "$(DEVELOPER_SDK_DIR)/MacOSX10.5.sdk";
				VERB = yes;
				VLDIR = "$(PROJECT_DIR)";
			};
			name = "Debug 64";
		};
		2D271AA810E1999F0064BE1D /* Debug 64 */ = {
			isa = XCBuildConfiguration;
			buildSettings = {
			};
			name = "Debug 64";
		};
		2D271AA910E1999F0064BE1D /* Debug 64 */ = {
			isa = XCBuildConfiguration;
			buildSettings = {
				COPY_PHASE_STRIP = NO;
				GCC_DYNAMIC_NO_PIC = NO;
				GCC_OPTIMIZATION_LEVEL = 0;
				MATLAB = "$(MATLABROOT)";
				MEX = "$(MEX)";
				PRODUCT_NAME = "vlfeat-all";
			};
			name = "Debug 64";
		};
		2D271AAA10E1999F0064BE1D /* Debug 64 */ = {
			isa = XCBuildConfiguration;
			buildSettings = {
				COPY_PHASE_STRIP = NO;
				GCC_DYNAMIC_NO_PIC = NO;
				GCC_OPTIMIZATION_LEVEL = 0;
				MATLAB = "$(MATLABROOT)";
				MEX = "$(MEX)";
				PRODUCT_NAME = info;
			};
			name = "Debug 64";
		};
		2D271AAB10E199AF0064BE1D /* Release 64 */ = {
			isa = XCBuildConfiguration;
			buildSettings = {
				ACTIVE_TEST = test_host;
				ARCH = maci64;
				ARCHS = x86_64;
				DOXYGEN = /Applications/Doxygen.app/Contents/Resources/doxygen;
				GCC_WARN_ABOUT_RETURN_TYPE = YES;
				GCC_WARN_UNUSED_VARIABLE = YES;
				HEADER_SEARCH_PATHS = "$(MATLABROOT)/extern/include";
				MATLABEXE = "$(MATLABROOT)/bin/matlab";
				MATLABROOT = /Applications/Matlab09B.app;
				MEX = "$(MATLABROOT)/bin/mex";
				PATH = "$(PATH):/opt/local/bin/";
				PREBINDING = NO;
				PROFILE = yes;
				SDKROOT = "$(DEVELOPER_SDK_DIR)/MacOSX10.5.sdk";
				VERB = yes;
				VLDIR = "$(PROJECT_DIR)";
			};
			name = "Release 64";
		};
		2D271AAC10E199AF0064BE1D /* Release 64 */ = {
			isa = XCBuildConfiguration;
			buildSettings = {
			};
			name = "Release 64";
		};
		2D271AAD10E199AF0064BE1D /* Release 64 */ = {
			isa = XCBuildConfiguration;
			buildSettings = {
				PRODUCT_NAME = "make doc-api";
			};
			name = "Release 64";
		};
		2D271AAE10E199AF0064BE1D /* Release 64 */ = {
			isa = XCBuildConfiguration;
			buildSettings = {
			};
			name = "Release 64";
		};
		2D72E9CB0E4765D2005DAA47 /* Debug 32 */ = {
			isa = XCBuildConfiguration;
			buildSettings = {
				COPY_PHASE_STRIP = NO;
				GCC_DYNAMIC_NO_PIC = NO;
				GCC_OPTIMIZATION_LEVEL = 0;
				MATLAB = "$(MATLABROOT)";
				MEX = "$(MEX)";
				PRODUCT_NAME = "vlfeat-all";
			};
			name = "Debug 32";
		};
		2D72E9CC0E4765D2005DAA47 /* Release 32 */ = {
			isa = XCBuildConfiguration;
			buildSettings = {
				PRODUCT_NAME = "make doc-api";
			};
			name = "Release 32";
		};
		2D72EA240E476C05005DAA47 /* Debug 32 */ = {
			isa = XCBuildConfiguration;
			buildSettings = {
				COPY_PHASE_STRIP = NO;
				GCC_DYNAMIC_NO_PIC = NO;
				GCC_OPTIMIZATION_LEVEL = 0;
				MATLAB = "$(MATLABROOT)";
				MEX = "$(MEX)";
				PRODUCT_NAME = info;
			};
			name = "Debug 32";
		};
		2D72EA250E476C05005DAA47 /* Release 32 */ = {
			isa = XCBuildConfiguration;
			buildSettings = {
			};
			name = "Release 32";
		};
		2D732DBF0CF8BFFD0099B03C /* Debug 32 */ = {
			isa = XCBuildConfiguration;
			buildSettings = {
			};
			name = "Debug 32";
		};
		2D732DC00CF8BFFD0099B03C /* Release 32 */ = {
			isa = XCBuildConfiguration;
			buildSettings = {
			};
			name = "Release 32";
		};
/* End XCBuildConfiguration section */

/* Begin XCConfigurationList section */
		1DEB919308733D9F0010E9CD /* Build configuration list for PBXProject "vlfeat" */ = {
			isa = XCConfigurationList;
			buildConfigurations = (
				1DEB919408733D9F0010E9CD /* Debug 32 */,
				2D271AA710E1999F0064BE1D /* Debug 64 */,
				1DEB919508733D9F0010E9CD /* Release 32 */,
				2D271AAB10E199AF0064BE1D /* Release 64 */,
			);
			defaultConfigurationIsVisible = 0;
			defaultConfigurationName = "Release 32";
		};
		2D72E9CA0E4765D2005DAA47 /* Build configuration list for PBXLegacyTarget "make doc-api" */ = {
			isa = XCConfigurationList;
			buildConfigurations = (
				2D72E9CB0E4765D2005DAA47 /* Debug 32 */,
				2D271AA910E1999F0064BE1D /* Debug 64 */,
				2D72E9CC0E4765D2005DAA47 /* Release 32 */,
				2D271AAD10E199AF0064BE1D /* Release 64 */,
			);
			defaultConfigurationIsVisible = 0;
			defaultConfigurationName = "Release 32";
		};
		2D72EA230E476C05005DAA47 /* Build configuration list for PBXLegacyTarget "make info" */ = {
			isa = XCConfigurationList;
			buildConfigurations = (
				2D72EA240E476C05005DAA47 /* Debug 32 */,
				2D271AAA10E1999F0064BE1D /* Debug 64 */,
				2D72EA250E476C05005DAA47 /* Release 32 */,
				2D271AAE10E199AF0064BE1D /* Release 64 */,
			);
			defaultConfigurationIsVisible = 0;
			defaultConfigurationName = "Release 32";
		};
		2D732DCF0CF8C02D0099B03C /* Build configuration list for PBXLegacyTarget "make" */ = {
			isa = XCConfigurationList;
			buildConfigurations = (
				2D732DBF0CF8BFFD0099B03C /* Debug 32 */,
				2D271AA810E1999F0064BE1D /* Debug 64 */,
				2D732DC00CF8BFFD0099B03C /* Release 32 */,
				2D271AAC10E199AF0064BE1D /* Release 64 */,
			);
			defaultConfigurationIsVisible = 0;
			defaultConfigurationName = "Release 32";
		};
/* End XCConfigurationList section */
	};
	rootObject = 08FB7793FE84155DC02AAC07 /* Project object */;
}
